
Microsoft Visual Studio Solution File, Format Version 12.00
# Visual Studio Version 17
VisualStudioVersion = 17.11.35222.181
MinimumVisualStudioVersion = 10.0.40219.1
Project("{FAE04EC0-301F-11D3-BF4B-00C04F79EFBC}") = "COSC2100_ICE0_RobertMacklem", "COSC2100_ICE0_RobertMacklem.csproj", "{5C1260DF-B52D-462E-9313-0FA110A7680E}"
EndProject
Global
	GlobalSection(SolutionConfigurationPlatforms) = preSolution
		Debug|Any CPU = Debug|Any CPU
		Release|Any CPU = Release|Any CPU
	EndGlobalSection
	GlobalSection(ProjectConfigurationPlatforms) = postSolution
		{5C1260DF-B52D-462E-9313-0FA110A7680E}.Debug|Any CPU.ActiveCfg = Debug|Any CPU
		{5C1260DF-B52D-462E-9313-0FA110A7680E}.Debug|Any CPU.Build.0 = Debug|Any CPU
		{5C1260DF-B52D-462E-9313-0FA110A7680E}.Release|Any CPU.ActiveCfg = Release|Any CPU
		{5C1260DF-B52D-462E-9313-0FA110A7680E}.Release|Any CPU.Build.0 = Release|Any CPU
	EndGlobalSection
	GlobalSection(SolutionProperties) = preSolution
		HideSolutionNode = FALSE
	EndGlobalSection
	GlobalSection(ExtensibilityGlobals) = postSolution
		SolutionGuid = {61C1E123-F670-4E22-9E5D-A628B67D5126}
	EndGlobalSection
EndGlobal
