
Microsoft Visual Studio Solution File, Format Version 12.00
# Visual Studio Version 17
VisualStudioVersion = 17.11.35222.181
MinimumVisualStudioVersion = 10.0.40219.1
Project("{FAE04EC0-301F-11D3-BF4B-00C04F79EFBC}") = "COSC2100_Lab1_RobertMacklem", "COSC2100_Lab1_RobertMacklem.csproj", "{03890132-3C8A-4F12-8D3A-E362BCEFDFF1}"
EndProject
Global
	GlobalSection(SolutionConfigurationPlatforms) = preSolution
		Debug|Any CPU = Debug|Any CPU
		Release|Any CPU = Release|Any CPU
	EndGlobalSection
	GlobalSection(ProjectConfigurationPlatforms) = postSolution
		{03890132-3C8A-4F12-8D3A-E362BCEFDFF1}.Debug|Any CPU.ActiveCfg = Debug|Any CPU
		{03890132-3C8A-4F12-8D3A-E362BCEFDFF1}.Debug|Any CPU.Build.0 = Debug|Any CPU
		{03890132-3C8A-4F12-8D3A-E362BCEFDFF1}.Release|Any CPU.ActiveCfg = Release|Any CPU
		{03890132-3C8A-4F12-8D3A-E362BCEFDFF1}.Release|Any CPU.Build.0 = Release|Any CPU
	EndGlobalSection
	GlobalSection(SolutionProperties) = preSolution
		HideSolutionNode = FALSE
	EndGlobalSection
	GlobalSection(ExtensibilityGlobals) = postSolution
		SolutionGuid = {CB26D036-3DEC-41A7-BFB9-F7D5333DAAFC}
	EndGlobalSection
EndGlobal
