
Microsoft Visual Studio Solution File, Format Version 12.00
# Visual Studio Version 17
VisualStudioVersion = 17.8.34330.188
MinimumVisualStudioVersion = 10.0.40219.1
Project("{FAE04EC0-301F-11D3-BF4B-00C04F79EFBC}") = "COSC2100_ICE4_RobertMacklem", "COSC2100_ICE4_RobertMacklem.csproj", "{6EF360F7-B588-4ADB-AD20-DEE8166E889C}"
EndProject
Global
	GlobalSection(SolutionConfigurationPlatforms) = preSolution
		Debug|Any CPU = Debug|Any CPU
		Release|Any CPU = Release|Any CPU
	EndGlobalSection
	GlobalSection(ProjectConfigurationPlatforms) = postSolution
		{6EF360F7-B588-4ADB-AD20-DEE8166E889C}.Debug|Any CPU.ActiveCfg = Debug|Any CPU
		{6EF360F7-B588-4ADB-AD20-DEE8166E889C}.Debug|Any CPU.Build.0 = Debug|Any CPU
		{6EF360F7-B588-4ADB-AD20-DEE8166E889C}.Release|Any CPU.ActiveCfg = Release|Any CPU
		{6EF360F7-B588-4ADB-AD20-DEE8166E889C}.Release|Any CPU.Build.0 = Release|Any CPU
	EndGlobalSection
	GlobalSection(SolutionProperties) = preSolution
		HideSolutionNode = FALSE
	EndGlobalSection
	GlobalSection(ExtensibilityGlobals) = postSolution
		SolutionGuid = {C8925AF4-2244-446F-878E-8082497547DB}
	EndGlobalSection
EndGlobal
