
Microsoft Visual Studio Solution File, Format Version 12.00
# Visual Studio Version 17
VisualStudioVersion = 17.11.35222.181
MinimumVisualStudioVersion = 10.0.40219.1
Project("{FAE04EC0-301F-11D3-BF4B-00C04F79EFBC}") = "COSC2100_ICE1_RobertMacklem", "COSC2100_ICE1_RobertMacklem.csproj", "{174FAB8B-FA74-4925-8A18-ED126181028A}"
EndProject
Global
	GlobalSection(SolutionConfigurationPlatforms) = preSolution
		Debug|Any CPU = Debug|Any CPU
		Release|Any CPU = Release|Any CPU
	EndGlobalSection
	GlobalSection(ProjectConfigurationPlatforms) = postSolution
		{174FAB8B-FA74-4925-8A18-ED126181028A}.Debug|Any CPU.ActiveCfg = Debug|Any CPU
		{174FAB8B-FA74-4925-8A18-ED126181028A}.Debug|Any CPU.Build.0 = Debug|Any CPU
		{174FAB8B-FA74-4925-8A18-ED126181028A}.Release|Any CPU.ActiveCfg = Release|Any CPU
		{174FAB8B-FA74-4925-8A18-ED126181028A}.Release|Any CPU.Build.0 = Release|Any CPU
	EndGlobalSection
	GlobalSection(SolutionProperties) = preSolution
		HideSolutionNode = FALSE
	EndGlobalSection
	GlobalSection(ExtensibilityGlobals) = postSolution
		SolutionGuid = {21681A3A-4523-4818-A664-BC83FA451296}
	EndGlobalSection
EndGlobal
